// !$*UTF8*$!
{
	archiveVersion = 1;
	classes = {
	};
	objectVersion = 48;
	objects = {

/* Begin PBXBuildFile section */
		041298A520759FB800FE0EE5 /* SubCell.swift in Sources */ = {isa = PBXBuildFile; fileRef = 041298A320759FB800FE0EE5 /* SubCell.swift */; };
		041298A620759FB800FE0EE5 /* SubCell.xib in Resources */ = {isa = PBXBuildFile; fileRef = 041298A420759FB800FE0EE5 /* SubCell.xib */; };
		043A437C2075586C005E481C /* SoccerGame.swift in Sources */ = {isa = PBXBuildFile; fileRef = 043A437220755869005E481C /* SoccerGame.swift */; };
		043A437D2075586C005E481C /* PossessionView.swift in Sources */ = {isa = PBXBuildFile; fileRef = 043A43732075586A005E481C /* PossessionView.swift */; };
		043A437E2075586C005E481C /* SubstitutionBar.swift in Sources */ = {isa = PBXBuildFile; fileRef = 043A43742075586A005E481C /* SubstitutionBar.swift */; };
		043A437F2075586C005E481C /* SoccerShotChartEntryView.swift in Sources */ = {isa = PBXBuildFile; fileRef = 043A43752075586A005E481C /* SoccerShotChartEntryView.swift */; };
		043A43802075586C005E481C /* ScoreboardView.swift in Sources */ = {isa = PBXBuildFile; fileRef = 043A43762075586B005E481C /* ScoreboardView.swift */; };
		043A43812075586C005E481C /* TopBar.swift in Sources */ = {isa = PBXBuildFile; fileRef = 043A43772075586B005E481C /* TopBar.swift */; };
		043A43822075586C005E481C /* BottomBar.swift in Sources */ = {isa = PBXBuildFile; fileRef = 043A43782075586B005E481C /* BottomBar.swift */; };
		043A43832075586C005E481C /* SoccerTeamEntryView.swift in Sources */ = {isa = PBXBuildFile; fileRef = 043A43792075586B005E481C /* SoccerTeamEntryView.swift */; };
		043A43842075586C005E481C /* SoccerEntryModeController.swift in Sources */ = {isa = PBXBuildFile; fileRef = 043A437A2075586C005E481C /* SoccerEntryModeController.swift */; };
		043A43852075586C005E481C /* SoccerEntryLiveStatsView.swift in Sources */ = {isa = PBXBuildFile; fileRef = 043A437B2075586C005E481C /* SoccerEntryLiveStatsView.swift */; };
		0451D45120744CF700AF6524 /* ScoreboardView.xib in Resources */ = {isa = PBXBuildFile; fileRef = 0451D45020744CF700AF6524 /* ScoreboardView.xib */; };
		04D50BC62076A61100368924 /* StatView.swift in Sources */ = {isa = PBXBuildFile; fileRef = 04D50BC52076A61100368924 /* StatView.swift */; };
		04E3ED7120755DA5000F7839 /* StatCell.swift in Sources */ = {isa = PBXBuildFile; fileRef = 04E3ED6F20755DA5000F7839 /* StatCell.swift */; };
		04E3ED7220755DA5000F7839 /* StatCell.xib in Resources */ = {isa = PBXBuildFile; fileRef = 04E3ED7020755DA5000F7839 /* StatCell.xib */; };
		DC0C91C120734066008A0B05 /* SportfolioCell.swift in Sources */ = {isa = PBXBuildFile; fileRef = DC0C91BF20734066008A0B05 /* SportfolioCell.swift */; };
		DC0C91C220734066008A0B05 /* SportfolioCell.xib in Resources */ = {isa = PBXBuildFile; fileRef = DC0C91C020734066008A0B05 /* SportfolioCell.xib */; };
		DC0EE76C204F78D700D550F5 /* AppDelegate.swift in Sources */ = {isa = PBXBuildFile; fileRef = DC0EE76B204F78D700D550F5 /* AppDelegate.swift */; };
		DC0EE76E204F78D700D550F5 /* ViewController.swift in Sources */ = {isa = PBXBuildFile; fileRef = DC0EE76D204F78D700D550F5 /* ViewController.swift */; };
		DC0EE771204F78D700D550F5 /* Main.storyboard in Resources */ = {isa = PBXBuildFile; fileRef = DC0EE76F204F78D700D550F5 /* Main.storyboard */; };
		DC0EE774204F78D700D550F5 /* Statlete_Mobile_App.xcdatamodeld in Sources */ = {isa = PBXBuildFile; fileRef = DC0EE772204F78D700D550F5 /* Statlete_Mobile_App.xcdatamodeld */; };
		DC0EE776204F78D700D550F5 /* Assets.xcassets in Resources */ = {isa = PBXBuildFile; fileRef = DC0EE775204F78D700D550F5 /* Assets.xcassets */; };
		DC0EE779204F78D700D550F5 /* LaunchScreen.storyboard in Resources */ = {isa = PBXBuildFile; fileRef = DC0EE777204F78D700D550F5 /* LaunchScreen.storyboard */; };
		DC0EE7812050FC1E00D550F5 /* User.swift in Sources */ = {isa = PBXBuildFile; fileRef = DC0EE7802050FC1E00D550F5 /* User.swift */; };
		DC0EE783205111C700D550F5 /* Sportfolio.swift in Sources */ = {isa = PBXBuildFile; fileRef = DC0EE782205111C700D550F5 /* Sportfolio.swift */; };
		DC0EE7852051128100D550F5 /* Game.swift in Sources */ = {isa = PBXBuildFile; fileRef = DC0EE7842051128100D550F5 /* Game.swift */; };
		DC4FDB6520705723005DAD60 /* UserHomeViewController.swift in Sources */ = {isa = PBXBuildFile; fileRef = DC4FDB6320705723005DAD60 /* UserHomeViewController.swift */; };
		DC5DFA03207479C900B7BD02 /* ViewExistingTeamViewController.swift in Sources */ = {isa = PBXBuildFile; fileRef = DC5DFA02207479C900B7BD02 /* ViewExistingTeamViewController.swift */; };
		DC6F8DDD2074896C00C38E4D /* AddTeamSportfolioViewController.swift in Sources */ = {isa = PBXBuildFile; fileRef = DC6F8DDC2074896C00C38E4D /* AddTeamSportfolioViewController.swift */; };
		DC6F8DE12074940A00C38E4D /* SportfolioViewController.swift in Sources */ = {isa = PBXBuildFile; fileRef = DC6F8DE02074940A00C38E4D /* SportfolioViewController.swift */; };
		DC6F8DE52074959C00C38E4D /* PlayerInTeamViewController.swift in Sources */ = {isa = PBXBuildFile; fileRef = DC6F8DE42074959C00C38E4D /* PlayerInTeamViewController.swift */; };
		DC6F8DE72074983600C38E4D /* TeamSportfolioSetupViewController.swift in Sources */ = {isa = PBXBuildFile; fileRef = DC6F8DE62074983600C38E4D /* TeamSportfolioSetupViewController.swift */; };
		DC6F8DE92074988400C38E4D /* PlayerSportfolioSetupViewController.swift in Sources */ = {isa = PBXBuildFile; fileRef = DC6F8DE82074988400C38E4D /* PlayerSportfolioSetupViewController.swift */; };
		DC6F8DEB20749C2400C38E4D /* ChoosePlayersViewController.swift in Sources */ = {isa = PBXBuildFile; fileRef = DC6F8DEA20749C2400C38E4D /* ChoosePlayersViewController.swift */; };
		DC6F8DED2074A0B800C38E4D /* NewGameViewController.swift in Sources */ = {isa = PBXBuildFile; fileRef = DC6F8DEC2074A0B800C38E4D /* NewGameViewController.swift */; };
		DCC50790206A0E2A00F64717 /* CreateAccountViewController.swift in Sources */ = {isa = PBXBuildFile; fileRef = DCC5078F206A0E2A00F64717 /* CreateAccountViewController.swift */; };
		DCE472102072B3D000921A19 /* GameCellTableViewCell.swift in Sources */ = {isa = PBXBuildFile; fileRef = DCE4720E2072B3D000921A19 /* GameCellTableViewCell.swift */; };
		DCE472112072B3D000921A19 /* GameCellTableViewCell.xib in Resources */ = {isa = PBXBuildFile; fileRef = DCE4720F2072B3D000921A19 /* GameCellTableViewCell.xib */; };
		DCE472132072BD6400921A19 /* SportfolioPageViewController.swift in Sources */ = {isa = PBXBuildFile; fileRef = DCE472122072BD6400921A19 /* SportfolioPageViewController.swift */; };
		DCFD0EF92072C22E0048B7E0 /* LoginViewController.swift in Sources */ = {isa = PBXBuildFile; fileRef = DCFD0EF82072C22E0048B7E0 /* LoginViewController.swift */; };
		DCFD0EFB2072C4630048B7E0 /* SportChooserPopup.xib in Resources */ = {isa = PBXBuildFile; fileRef = DCFD0EFA2072C4630048B7E0 /* SportChooserPopup.xib */; };
/* End PBXBuildFile section */

/* Begin PBXFileReference section */
		041298A320759FB800FE0EE5 /* SubCell.swift */ = {isa = PBXFileReference; lastKnownFileType = sourcecode.swift; path = SubCell.swift; sourceTree = "<group>"; };
		041298A420759FB800FE0EE5 /* SubCell.xib */ = {isa = PBXFileReference; lastKnownFileType = file.xib; path = SubCell.xib; sourceTree = "<group>"; };
		043A437220755869005E481C /* SoccerGame.swift */ = {isa = PBXFileReference; fileEncoding = 4; lastKnownFileType = sourcecode.swift; path = SoccerGame.swift; sourceTree = "<group>"; };
		043A43732075586A005E481C /* PossessionView.swift */ = {isa = PBXFileReference; fileEncoding = 4; lastKnownFileType = sourcecode.swift; path = PossessionView.swift; sourceTree = "<group>"; };
		043A43742075586A005E481C /* SubstitutionBar.swift */ = {isa = PBXFileReference; fileEncoding = 4; lastKnownFileType = sourcecode.swift; path = SubstitutionBar.swift; sourceTree = "<group>"; };
		043A43752075586A005E481C /* SoccerShotChartEntryView.swift */ = {isa = PBXFileReference; fileEncoding = 4; lastKnownFileType = sourcecode.swift; path = SoccerShotChartEntryView.swift; sourceTree = "<group>"; };
		043A43762075586B005E481C /* ScoreboardView.swift */ = {isa = PBXFileReference; fileEncoding = 4; lastKnownFileType = sourcecode.swift; path = ScoreboardView.swift; sourceTree = "<group>"; };
		043A43772075586B005E481C /* TopBar.swift */ = {isa = PBXFileReference; fileEncoding = 4; lastKnownFileType = sourcecode.swift; path = TopBar.swift; sourceTree = "<group>"; };
		043A43782075586B005E481C /* BottomBar.swift */ = {isa = PBXFileReference; fileEncoding = 4; lastKnownFileType = sourcecode.swift; path = BottomBar.swift; sourceTree = "<group>"; };
		043A43792075586B005E481C /* SoccerTeamEntryView.swift */ = {isa = PBXFileReference; fileEncoding = 4; lastKnownFileType = sourcecode.swift; path = SoccerTeamEntryView.swift; sourceTree = "<group>"; };
		043A437A2075586C005E481C /* SoccerEntryModeController.swift */ = {isa = PBXFileReference; fileEncoding = 4; lastKnownFileType = sourcecode.swift; path = SoccerEntryModeController.swift; sourceTree = "<group>"; };
		043A437B2075586C005E481C /* SoccerEntryLiveStatsView.swift */ = {isa = PBXFileReference; fileEncoding = 4; lastKnownFileType = sourcecode.swift; path = SoccerEntryLiveStatsView.swift; sourceTree = "<group>"; };
		0451D45020744CF700AF6524 /* ScoreboardView.xib */ = {isa = PBXFileReference; lastKnownFileType = file.xib; path = ScoreboardView.xib; sourceTree = "<group>"; };
		04D50BC52076A61100368924 /* StatView.swift */ = {isa = PBXFileReference; lastKnownFileType = sourcecode.swift; path = StatView.swift; sourceTree = "<group>"; };
		04E3ED6F20755DA5000F7839 /* StatCell.swift */ = {isa = PBXFileReference; lastKnownFileType = sourcecode.swift; path = StatCell.swift; sourceTree = "<group>"; };
		04E3ED7020755DA5000F7839 /* StatCell.xib */ = {isa = PBXFileReference; lastKnownFileType = file.xib; path = StatCell.xib; sourceTree = "<group>"; };
		DC0C91BF20734066008A0B05 /* SportfolioCell.swift */ = {isa = PBXFileReference; lastKnownFileType = sourcecode.swift; path = SportfolioCell.swift; sourceTree = "<group>"; };
		DC0C91C020734066008A0B05 /* SportfolioCell.xib */ = {isa = PBXFileReference; lastKnownFileType = file.xib; path = SportfolioCell.xib; sourceTree = "<group>"; };
		DC0EE768204F78D700D550F5 /* Statlete Mobile App.app */ = {isa = PBXFileReference; explicitFileType = wrapper.application; includeInIndex = 0; path = "Statlete Mobile App.app"; sourceTree = BUILT_PRODUCTS_DIR; };
		DC0EE76B204F78D700D550F5 /* AppDelegate.swift */ = {isa = PBXFileReference; lastKnownFileType = sourcecode.swift; path = AppDelegate.swift; sourceTree = "<group>"; };
		DC0EE76D204F78D700D550F5 /* ViewController.swift */ = {isa = PBXFileReference; lastKnownFileType = sourcecode.swift; path = ViewController.swift; sourceTree = "<group>"; };
		DC0EE770204F78D700D550F5 /* Base */ = {isa = PBXFileReference; lastKnownFileType = file.storyboard; name = Base; path = Base.lproj/Main.storyboard; sourceTree = "<group>"; };
		DC0EE773204F78D700D550F5 /* Statlete_Mobile_App.xcdatamodel */ = {isa = PBXFileReference; lastKnownFileType = wrapper.xcdatamodel; path = Statlete_Mobile_App.xcdatamodel; sourceTree = "<group>"; };
		DC0EE775204F78D700D550F5 /* Assets.xcassets */ = {isa = PBXFileReference; lastKnownFileType = folder.assetcatalog; path = Assets.xcassets; sourceTree = "<group>"; };
		DC0EE778204F78D700D550F5 /* Base */ = {isa = PBXFileReference; lastKnownFileType = file.storyboard; name = Base; path = Base.lproj/LaunchScreen.storyboard; sourceTree = "<group>"; };
		DC0EE77A204F78D700D550F5 /* Info.plist */ = {isa = PBXFileReference; lastKnownFileType = text.plist.xml; path = Info.plist; sourceTree = "<group>"; };
		DC0EE7802050FC1E00D550F5 /* User.swift */ = {isa = PBXFileReference; lastKnownFileType = sourcecode.swift; path = User.swift; sourceTree = "<group>"; };
		DC0EE782205111C700D550F5 /* Sportfolio.swift */ = {isa = PBXFileReference; lastKnownFileType = sourcecode.swift; path = Sportfolio.swift; sourceTree = "<group>"; };
		DC0EE7842051128100D550F5 /* Game.swift */ = {isa = PBXFileReference; lastKnownFileType = sourcecode.swift; path = Game.swift; sourceTree = "<group>"; };
		DC4FDB6320705723005DAD60 /* UserHomeViewController.swift */ = {isa = PBXFileReference; lastKnownFileType = sourcecode.swift; path = UserHomeViewController.swift; sourceTree = "<group>"; };
		DC5DFA02207479C900B7BD02 /* ViewExistingTeamViewController.swift */ = {isa = PBXFileReference; lastKnownFileType = sourcecode.swift; path = ViewExistingTeamViewController.swift; sourceTree = "<group>"; };
		DC6F8DDC2074896C00C38E4D /* AddTeamSportfolioViewController.swift */ = {isa = PBXFileReference; lastKnownFileType = sourcecode.swift; path = AddTeamSportfolioViewController.swift; sourceTree = "<group>"; };
		DC6F8DE02074940A00C38E4D /* SportfolioViewController.swift */ = {isa = PBXFileReference; lastKnownFileType = sourcecode.swift; path = SportfolioViewController.swift; sourceTree = "<group>"; };
		DC6F8DE42074959C00C38E4D /* PlayerInTeamViewController.swift */ = {isa = PBXFileReference; lastKnownFileType = sourcecode.swift; path = PlayerInTeamViewController.swift; sourceTree = "<group>"; };
		DC6F8DE62074983600C38E4D /* TeamSportfolioSetupViewController.swift */ = {isa = PBXFileReference; lastKnownFileType = sourcecode.swift; path = TeamSportfolioSetupViewController.swift; sourceTree = "<group>"; };
		DC6F8DE82074988400C38E4D /* PlayerSportfolioSetupViewController.swift */ = {isa = PBXFileReference; lastKnownFileType = sourcecode.swift; path = PlayerSportfolioSetupViewController.swift; sourceTree = "<group>"; };
		DC6F8DEA20749C2400C38E4D /* ChoosePlayersViewController.swift */ = {isa = PBXFileReference; lastKnownFileType = sourcecode.swift; path = ChoosePlayersViewController.swift; sourceTree = "<group>"; };
		DC6F8DEC2074A0B800C38E4D /* NewGameViewController.swift */ = {isa = PBXFileReference; lastKnownFileType = sourcecode.swift; path = NewGameViewController.swift; sourceTree = "<group>"; };
		DCC5078F206A0E2A00F64717 /* CreateAccountViewController.swift */ = {isa = PBXFileReference; lastKnownFileType = sourcecode.swift; path = CreateAccountViewController.swift; sourceTree = "<group>"; };
		DCE4720E2072B3D000921A19 /* GameCellTableViewCell.swift */ = {isa = PBXFileReference; lastKnownFileType = sourcecode.swift; path = GameCellTableViewCell.swift; sourceTree = "<group>"; };
		DCE4720F2072B3D000921A19 /* GameCellTableViewCell.xib */ = {isa = PBXFileReference; lastKnownFileType = file.xib; path = GameCellTableViewCell.xib; sourceTree = "<group>"; };
		DCE472122072BD6400921A19 /* SportfolioPageViewController.swift */ = {isa = PBXFileReference; lastKnownFileType = sourcecode.swift; path = SportfolioPageViewController.swift; sourceTree = "<group>"; };
		DCFD0EF82072C22E0048B7E0 /* LoginViewController.swift */ = {isa = PBXFileReference; lastKnownFileType = sourcecode.swift; path = LoginViewController.swift; sourceTree = "<group>"; };
		DCFD0EFA2072C4630048B7E0 /* SportChooserPopup.xib */ = {isa = PBXFileReference; lastKnownFileType = file.xib; path = SportChooserPopup.xib; sourceTree = "<group>"; };
/* End PBXFileReference section */

/* Begin PBXFrameworksBuildPhase section */
		DC0EE765204F78D700D550F5 /* Frameworks */ = {
			isa = PBXFrameworksBuildPhase;
			buildActionMask = 2147483647;
			files = (
			);
			runOnlyForDeploymentPostprocessing = 0;
		};
/* End PBXFrameworksBuildPhase section */

/* Begin PBXGroup section */
		041298A120758AFA00FE0EE5 /* Substitutions */ = {
			isa = PBXGroup;
			children = (
				043A43742075586A005E481C /* SubstitutionBar.swift */,
				041298A320759FB800FE0EE5 /* SubCell.swift */,
				041298A420759FB800FE0EE5 /* SubCell.xib */,
			);
			path = Substitutions;
			sourceTree = "<group>";
		};
		041298A220758B1D00FE0EE5 /* EntryView */ = {
			isa = PBXGroup;
			children = (
				043A43792075586B005E481C /* SoccerTeamEntryView.swift */,
				04E3ED6F20755DA5000F7839 /* StatCell.swift */,
				04E3ED7020755DA5000F7839 /* StatCell.xib */,
			);
			path = EntryView;
			sourceTree = "<group>";
		};
		0451D44F20744CC700AF6524 /* Soccer */ = {
			isa = PBXGroup;
			children = (
				04D50BC22076A1DD00368924 /* StatView */,
				0451D45020744CF700AF6524 /* ScoreboardView.xib */,
				043A43782075586B005E481C /* BottomBar.swift */,
				043A437220755869005E481C /* SoccerGame.swift */,
				043A43732075586A005E481C /* PossessionView.swift */,
				043A43762075586B005E481C /* ScoreboardView.swift */,
				043A437B2075586C005E481C /* SoccerEntryLiveStatsView.swift */,
				043A437A2075586C005E481C /* SoccerEntryModeController.swift */,
				043A43752075586A005E481C /* SoccerShotChartEntryView.swift */,
				041298A220758B1D00FE0EE5 /* EntryView */,
				041298A120758AFA00FE0EE5 /* Substitutions */,
				043A43772075586B005E481C /* TopBar.swift */,
			);
			path = Soccer;
			sourceTree = "<group>";
		};
		04D50BC22076A1DD00368924 /* StatView */ = {
			isa = PBXGroup;
			children = (
				04D50BC52076A61100368924 /* StatView.swift */,
			);
			path = StatView;
			sourceTree = "<group>";
		};
		DC0EE75F204F78D700D550F5 = {
			isa = PBXGroup;
			children = (
				DC0EE76A204F78D700D550F5 /* Statlete Mobile App */,
				DC0EE769204F78D700D550F5 /* Products */,
			);
			sourceTree = "<group>";
		};
		DC0EE769204F78D700D550F5 /* Products */ = {
			isa = PBXGroup;
			children = (
				DC0EE768204F78D700D550F5 /* Statlete Mobile App.app */,
			);
			name = Products;
			sourceTree = "<group>";
		};
		DC0EE76A204F78D700D550F5 /* Statlete Mobile App */ = {
			isa = PBXGroup;
			children = (
				DC0EE76B204F78D700D550F5 /* AppDelegate.swift */,
				DC0EE76F204F78D700D550F5 /* Main.storyboard */,
				DC0EE777204F78D700D550F5 /* LaunchScreen.storyboard */,
				DC6F8DF02074AB2600C38E4D /* User Home */,
				DC6F8DEF2074AAA500C38E4D /* Sportfolio */,
				DC6F8DEE2074AA7F00C38E4D /* Sportfolio Setup */,
				DC6F8DE2207494AF00C38E4D /* InitalUserOptions */,
				DC0EE775204F78D700D550F5 /* Assets.xcassets */,
				DC0EE77A204F78D700D550F5 /* Info.plist */,
				DC0EE772204F78D700D550F5 /* Statlete_Mobile_App.xcdatamodeld */,
				DCFD0EF72072C1BE0048B7E0 /* Model */,
				0451D44F20744CC700AF6524 /* Soccer */,
			);
			path = "Statlete Mobile App";
			sourceTree = "<group>";
		};
		DC6F8DE2207494AF00C38E4D /* InitalUserOptions */ = {
			isa = PBXGroup;
			children = (
				DC0EE76D204F78D700D550F5 /* ViewController.swift */,
				DCC5078F206A0E2A00F64717 /* CreateAccountViewController.swift */,
				DCFD0EF82072C22E0048B7E0 /* LoginViewController.swift */,
				DC5DFA02207479C900B7BD02 /* ViewExistingTeamViewController.swift */,
			);
			path = InitalUserOptions;
			sourceTree = "<group>";
		};
		DC6F8DEE2074AA7F00C38E4D /* Sportfolio Setup */ = {
			isa = PBXGroup;
			children = (
				DC6F8DDC2074896C00C38E4D /* AddTeamSportfolioViewController.swift */,
				DC6F8DE82074988400C38E4D /* PlayerSportfolioSetupViewController.swift */,
				DCFD0EFA2072C4630048B7E0 /* SportChooserPopup.xib */,
				DC6F8DEA20749C2400C38E4D /* ChoosePlayersViewController.swift */,
				DC6F8DE62074983600C38E4D /* TeamSportfolioSetupViewController.swift */,
			);
			path = "Sportfolio Setup";
			sourceTree = "<group>";
		};
		DC6F8DEF2074AAA500C38E4D /* Sportfolio */ = {
			isa = PBXGroup;
			children = (
				DC6F8DE02074940A00C38E4D /* SportfolioViewController.swift */,
				DCE472122072BD6400921A19 /* SportfolioPageViewController.swift */,
				DCE4720E2072B3D000921A19 /* GameCellTableViewCell.swift */,
				DC6F8DE42074959C00C38E4D /* PlayerInTeamViewController.swift */,
				DCE4720F2072B3D000921A19 /* GameCellTableViewCell.xib */,
				DC6F8DEC2074A0B800C38E4D /* NewGameViewController.swift */,
			);
			path = Sportfolio;
			sourceTree = "<group>";
		};
		DC6F8DF02074AB2600C38E4D /* User Home */ = {
			isa = PBXGroup;
			children = (
				DC4FDB6320705723005DAD60 /* UserHomeViewController.swift */,
				DC0C91BF20734066008A0B05 /* SportfolioCell.swift */,
				DC0C91C020734066008A0B05 /* SportfolioCell.xib */,
			);
			path = "User Home";
			sourceTree = "<group>";
		};
		DCFD0EF72072C1BE0048B7E0 /* Model */ = {
			isa = PBXGroup;
			children = (
				DC0EE7802050FC1E00D550F5 /* User.swift */,
				DC0EE782205111C700D550F5 /* Sportfolio.swift */,
				DC0EE7842051128100D550F5 /* Game.swift */,
			);
			path = Model;
			sourceTree = "<group>";
		};
/* End PBXGroup section */

/* Begin PBXNativeTarget section */
		DC0EE767204F78D700D550F5 /* Statlete Mobile App */ = {
			isa = PBXNativeTarget;
			buildConfigurationList = DC0EE77D204F78D700D550F5 /* Build configuration list for PBXNativeTarget "Statlete Mobile App" */;
			buildPhases = (
				DC0EE764204F78D700D550F5 /* Sources */,
				DC0EE765204F78D700D550F5 /* Frameworks */,
				DC0EE766204F78D700D550F5 /* Resources */,
			);
			buildRules = (
			);
			dependencies = (
			);
			name = "Statlete Mobile App";
			productName = "Statlete Mobile App";
			productReference = DC0EE768204F78D700D550F5 /* Statlete Mobile App.app */;
			productType = "com.apple.product-type.application";
		};
/* End PBXNativeTarget section */

/* Begin PBXProject section */
		DC0EE760204F78D700D550F5 /* Project object */ = {
			isa = PBXProject;
			attributes = {
				LastSwiftUpdateCheck = 0920;
				LastUpgradeCheck = 0920;
				ORGANIZATIONNAME = "Taylor M de Jonge";
				TargetAttributes = {
					DC0EE767204F78D700D550F5 = {
						CreatedOnToolsVersion = 9.2;
						ProvisioningStyle = Automatic;
					};
				};
			};
			buildConfigurationList = DC0EE763204F78D700D550F5 /* Build configuration list for PBXProject "Statlete Mobile App" */;
			compatibilityVersion = "Xcode 8.0";
			developmentRegion = en;
			hasScannedForEncodings = 0;
			knownRegions = (
				en,
				Base,
			);
			mainGroup = DC0EE75F204F78D700D550F5;
			productRefGroup = DC0EE769204F78D700D550F5 /* Products */;
			projectDirPath = "";
			projectRoot = "";
			targets = (
				DC0EE767204F78D700D550F5 /* Statlete Mobile App */,
			);
		};
/* End PBXProject section */

/* Begin PBXResourcesBuildPhase section */
		DC0EE766204F78D700D550F5 /* Resources */ = {
			isa = PBXResourcesBuildPhase;
			buildActionMask = 2147483647;
			files = (
				DC0EE779204F78D700D550F5 /* LaunchScreen.storyboard in Resources */,
				04E3ED7220755DA5000F7839 /* StatCell.xib in Resources */,
				041298A620759FB800FE0EE5 /* SubCell.xib in Resources */,
				DC0EE776204F78D700D550F5 /* Assets.xcassets in Resources */,
				DC0C91C220734066008A0B05 /* SportfolioCell.xib in Resources */,
				DCFD0EFB2072C4630048B7E0 /* SportChooserPopup.xib in Resources */,
				0451D45120744CF700AF6524 /* ScoreboardView.xib in Resources */,
				DCE472112072B3D000921A19 /* GameCellTableViewCell.xib in Resources */,
				DC0EE771204F78D700D550F5 /* Main.storyboard in Resources */,
			);
			runOnlyForDeploymentPostprocessing = 0;
		};
/* End PBXResourcesBuildPhase section */

/* Begin PBXSourcesBuildPhase section */
		DC0EE764204F78D700D550F5 /* Sources */ = {
			isa = PBXSourcesBuildPhase;
			buildActionMask = 2147483647;
			files = (
				04D50BC62076A61100368924 /* StatView.swift in Sources */,
				043A43842075586C005E481C /* SoccerEntryModeController.swift in Sources */,
				043A437D2075586C005E481C /* PossessionView.swift in Sources */,
				043A43802075586C005E481C /* ScoreboardView.swift in Sources */,
				DCFD0EF92072C22E0048B7E0 /* LoginViewController.swift in Sources */,
				043A43852075586C005E481C /* SoccerEntryLiveStatsView.swift in Sources */,
				DCC50790206A0E2A00F64717 /* CreateAccountViewController.swift in Sources */,
				DC0EE7812050FC1E00D550F5 /* User.swift in Sources */,
				DC0EE7852051128100D550F5 /* Game.swift in Sources */,
				043A43812075586C005E481C /* TopBar.swift in Sources */,
				DC0EE76E204F78D700D550F5 /* ViewController.swift in Sources */,
				043A43832075586C005E481C /* SoccerTeamEntryView.swift in Sources */,
				DCE472132072BD6400921A19 /* SportfolioPageViewController.swift in Sources */,
				DC0EE774204F78D700D550F5 /* Statlete_Mobile_App.xcdatamodeld in Sources */,
				043A43822075586C005E481C /* BottomBar.swift in Sources */,
				DC0EE76C204F78D700D550F5 /* AppDelegate.swift in Sources */,
				DC5DFA03207479C900B7BD02 /* ViewExistingTeamViewController.swift in Sources */,
				DC6F8DE92074988400C38E4D /* PlayerSportfolioSetupViewController.swift in Sources */,
				DCE472102072B3D000921A19 /* GameCellTableViewCell.swift in Sources */,
				041298A520759FB800FE0EE5 /* SubCell.swift in Sources */,
				DC6F8DE52074959C00C38E4D /* PlayerInTeamViewController.swift in Sources */,
				DC4FDB6520705723005DAD60 /* UserHomeViewController.swift in Sources */,
				DC0EE783205111C700D550F5 /* Sportfolio.swift in Sources */,
				DC0C91C120734066008A0B05 /* SportfolioCell.swift in Sources */,
				DC6F8DEB20749C2400C38E4D /* ChoosePlayersViewController.swift in Sources */,
				DC6F8DED2074A0B800C38E4D /* NewGameViewController.swift in Sources */,
				04E3ED7120755DA5000F7839 /* StatCell.swift in Sources */,
				043A437E2075586C005E481C /* SubstitutionBar.swift in Sources */,
				043A437F2075586C005E481C /* SoccerShotChartEntryView.swift in Sources */,
				DC6F8DE72074983600C38E4D /* TeamSportfolioSetupViewController.swift in Sources */,
				DC6F8DE12074940A00C38E4D /* SportfolioViewController.swift in Sources */,
				DC6F8DDD2074896C00C38E4D /* AddTeamSportfolioViewController.swift in Sources */,
				043A437C2075586C005E481C /* SoccerGame.swift in Sources */,
			);
			runOnlyForDeploymentPostprocessing = 0;
		};
/* End PBXSourcesBuildPhase section */

/* Begin PBXVariantGroup section */
		DC0EE76F204F78D700D550F5 /* Main.storyboard */ = {
			isa = PBXVariantGroup;
			children = (
				DC0EE770204F78D700D550F5 /* Base */,
			);
			name = Main.storyboard;
			sourceTree = "<group>";
		};
		DC0EE777204F78D700D550F5 /* LaunchScreen.storyboard */ = {
			isa = PBXVariantGroup;
			children = (
				DC0EE778204F78D700D550F5 /* Base */,
			);
			name = LaunchScreen.storyboard;
			sourceTree = "<group>";
		};
/* End PBXVariantGroup section */

/* Begin XCBuildConfiguration section */
		DC0EE77B204F78D700D550F5 /* Debug */ = {
			isa = XCBuildConfiguration;
			buildSettings = {
				ALWAYS_SEARCH_USER_PATHS = NO;
				CLANG_ANALYZER_NONNULL = YES;
				CLANG_ANALYZER_NUMBER_OBJECT_CONVERSION = YES_AGGRESSIVE;
				CLANG_CXX_LANGUAGE_STANDARD = "gnu++14";
				CLANG_CXX_LIBRARY = "libc++";
				CLANG_ENABLE_MODULES = YES;
				CLANG_ENABLE_OBJC_ARC = YES;
				CLANG_WARN_BLOCK_CAPTURE_AUTORELEASING = YES;
				CLANG_WARN_BOOL_CONVERSION = YES;
				CLANG_WARN_COMMA = YES;
				CLANG_WARN_CONSTANT_CONVERSION = YES;
				CLANG_WARN_DIRECT_OBJC_ISA_USAGE = YES_ERROR;
				CLANG_WARN_DOCUMENTATION_COMMENTS = YES;
				CLANG_WARN_EMPTY_BODY = YES;
				CLANG_WARN_ENUM_CONVERSION = YES;
				CLANG_WARN_INFINITE_RECURSION = YES;
				CLANG_WARN_INT_CONVERSION = YES;
				CLANG_WARN_NON_LITERAL_NULL_CONVERSION = YES;
				CLANG_WARN_OBJC_LITERAL_CONVERSION = YES;
				CLANG_WARN_OBJC_ROOT_CLASS = YES_ERROR;
				CLANG_WARN_RANGE_LOOP_ANALYSIS = YES;
				CLANG_WARN_STRICT_PROTOTYPES = YES;
				CLANG_WARN_SUSPICIOUS_MOVE = YES;
				CLANG_WARN_UNGUARDED_AVAILABILITY = YES_AGGRESSIVE;
				CLANG_WARN_UNREACHABLE_CODE = YES;
				CLANG_WARN__DUPLICATE_METHOD_MATCH = YES;
				CODE_SIGN_IDENTITY = "iPhone Developer";
				COPY_PHASE_STRIP = NO;
				DEBUG_INFORMATION_FORMAT = dwarf;
				ENABLE_STRICT_OBJC_MSGSEND = YES;
				ENABLE_TESTABILITY = YES;
				GCC_C_LANGUAGE_STANDARD = gnu11;
				GCC_DYNAMIC_NO_PIC = NO;
				GCC_NO_COMMON_BLOCKS = YES;
				GCC_OPTIMIZATION_LEVEL = 0;
				GCC_PREPROCESSOR_DEFINITIONS = (
					"DEBUG=1",
					"$(inherited)",
				);
				GCC_WARN_64_TO_32_BIT_CONVERSION = YES;
				GCC_WARN_ABOUT_RETURN_TYPE = YES_ERROR;
				GCC_WARN_UNDECLARED_SELECTOR = YES;
				GCC_WARN_UNINITIALIZED_AUTOS = YES_AGGRESSIVE;
				GCC_WARN_UNUSED_FUNCTION = YES;
				GCC_WARN_UNUSED_VARIABLE = YES;
				IPHONEOS_DEPLOYMENT_TARGET = 11.2;
				MTL_ENABLE_DEBUG_INFO = YES;
				ONLY_ACTIVE_ARCH = YES;
				SDKROOT = iphoneos;
				SWIFT_ACTIVE_COMPILATION_CONDITIONS = DEBUG;
				SWIFT_OPTIMIZATION_LEVEL = "-Onone";
			};
			name = Debug;
		};
		DC0EE77C204F78D700D550F5 /* Release */ = {
			isa = XCBuildConfiguration;
			buildSettings = {
				ALWAYS_SEARCH_USER_PATHS = NO;
				CLANG_ANALYZER_NONNULL = YES;
				CLANG_ANALYZER_NUMBER_OBJECT_CONVERSION = YES_AGGRESSIVE;
				CLANG_CXX_LANGUAGE_STANDARD = "gnu++14";
				CLANG_CXX_LIBRARY = "libc++";
				CLANG_ENABLE_MODULES = YES;
				CLANG_ENABLE_OBJC_ARC = YES;
				CLANG_WARN_BLOCK_CAPTURE_AUTORELEASING = YES;
				CLANG_WARN_BOOL_CONVERSION = YES;
				CLANG_WARN_COMMA = YES;
				CLANG_WARN_CONSTANT_CONVERSION = YES;
				CLANG_WARN_DIRECT_OBJC_ISA_USAGE = YES_ERROR;
				CLANG_WARN_DOCUMENTATION_COMMENTS = YES;
				CLANG_WARN_EMPTY_BODY = YES;
				CLANG_WARN_ENUM_CONVERSION = YES;
				CLANG_WARN_INFINITE_RECURSION = YES;
				CLANG_WARN_INT_CONVERSION = YES;
				CLANG_WARN_NON_LITERAL_NULL_CONVERSION = YES;
				CLANG_WARN_OBJC_LITERAL_CONVERSION = YES;
				CLANG_WARN_OBJC_ROOT_CLASS = YES_ERROR;
				CLANG_WARN_RANGE_LOOP_ANALYSIS = YES;
				CLANG_WARN_STRICT_PROTOTYPES = YES;
				CLANG_WARN_SUSPICIOUS_MOVE = YES;
				CLANG_WARN_UNGUARDED_AVAILABILITY = YES_AGGRESSIVE;
				CLANG_WARN_UNREACHABLE_CODE = YES;
				CLANG_WARN__DUPLICATE_METHOD_MATCH = YES;
				CODE_SIGN_IDENTITY = "iPhone Developer";
				COPY_PHASE_STRIP = NO;
				DEBUG_INFORMATION_FORMAT = "dwarf-with-dsym";
				ENABLE_NS_ASSERTIONS = NO;
				ENABLE_STRICT_OBJC_MSGSEND = YES;
				GCC_C_LANGUAGE_STANDARD = gnu11;
				GCC_NO_COMMON_BLOCKS = YES;
				GCC_WARN_64_TO_32_BIT_CONVERSION = YES;
				GCC_WARN_ABOUT_RETURN_TYPE = YES_ERROR;
				GCC_WARN_UNDECLARED_SELECTOR = YES;
				GCC_WARN_UNINITIALIZED_AUTOS = YES_AGGRESSIVE;
				GCC_WARN_UNUSED_FUNCTION = YES;
				GCC_WARN_UNUSED_VARIABLE = YES;
				IPHONEOS_DEPLOYMENT_TARGET = 11.2;
				MTL_ENABLE_DEBUG_INFO = NO;
				SDKROOT = iphoneos;
				SWIFT_OPTIMIZATION_LEVEL = "-Owholemodule";
				VALIDATE_PRODUCT = YES;
			};
			name = Release;
		};
		DC0EE77E204F78D700D550F5 /* Debug */ = {
			isa = XCBuildConfiguration;
			buildSettings = {
				ASSETCATALOG_COMPILER_APPICON_NAME = AppIcon;
				CODE_SIGN_STYLE = Automatic;
				DEVELOPMENT_TEAM = MKW5RX37LJ;
				INFOPLIST_FILE = "Statlete Mobile App/Info.plist";
				LD_RUNPATH_SEARCH_PATHS = "$(inherited) @executable_path/Frameworks";
				PRODUCT_BUNDLE_IDENTIFIER = "eng.utah.Statlete-Mobile-App";
				PRODUCT_NAME = "$(TARGET_NAME)";
				SWIFT_VERSION = 4.0;
				TARGETED_DEVICE_FAMILY = "1,2";
			};
			name = Debug;
		};
		DC0EE77F204F78D700D550F5 /* Release */ = {
			isa = XCBuildConfiguration;
			buildSettings = {
				ASSETCATALOG_COMPILER_APPICON_NAME = AppIcon;
				CODE_SIGN_STYLE = Automatic;
				DEVELOPMENT_TEAM = MKW5RX37LJ;
				INFOPLIST_FILE = "Statlete Mobile App/Info.plist";
				LD_RUNPATH_SEARCH_PATHS = "$(inherited) @executable_path/Frameworks";
				PRODUCT_BUNDLE_IDENTIFIER = "eng.utah.Statlete-Mobile-App";
				PRODUCT_NAME = "$(TARGET_NAME)";
				SWIFT_VERSION = 4.0;
				TARGETED_DEVICE_FAMILY = "1,2";
			};
			name = Release;
		};
/* End XCBuildConfiguration section */

/* Begin XCConfigurationList section */
		DC0EE763204F78D700D550F5 /* Build configuration list for PBXProject "Statlete Mobile App" */ = {
			isa = XCConfigurationList;
			buildConfigurations = (
				DC0EE77B204F78D700D550F5 /* Debug */,
				DC0EE77C204F78D700D550F5 /* Release */,
			);
			defaultConfigurationIsVisible = 0;
			defaultConfigurationName = Release;
		};
		DC0EE77D204F78D700D550F5 /* Build configuration list for PBXNativeTarget "Statlete Mobile App" */ = {
			isa = XCConfigurationList;
			buildConfigurations = (
				DC0EE77E204F78D700D550F5 /* Debug */,
				DC0EE77F204F78D700D550F5 /* Release */,
			);
			defaultConfigurationIsVisible = 0;
			defaultConfigurationName = Release;
		};
/* End XCConfigurationList section */

/* Begin XCVersionGroup section */
		DC0EE772204F78D700D550F5 /* Statlete_Mobile_App.xcdatamodeld */ = {
			isa = XCVersionGroup;
			children = (
				DC0EE773204F78D700D550F5 /* Statlete_Mobile_App.xcdatamodel */,
			);
			currentVersion = DC0EE773204F78D700D550F5 /* Statlete_Mobile_App.xcdatamodel */;
			path = Statlete_Mobile_App.xcdatamodeld;
			sourceTree = "<group>";
			versionGroupType = wrapper.xcdatamodel;
		};
/* End XCVersionGroup section */
	};
	rootObject = DC0EE760204F78D700D550F5 /* Project object */;
}
